github.com/paul-mannino/go-fuzzywuzzy v0.0.0-20190505212647-144c032ebff6 h1:3S8PBBEy/czk2wTqJVGiH7y4RktQ6d5hny1/8QBsEg8=
github.com/paul-mannino/go-fuzzywuzzy v0.0.0-20190505212647-144c032ebff6/go.mod h1:AMWhKRluACdXhJMWJiVOuqwmZvJOcdmjgbla/9zOKzE=
github.com/paul-mannino/go-fuzzywuzzy v0.0.0-20200127021948-54652b135d0e h1:UMX/0xkc/jcivgGjoBumSA1YwxT3eq6rYeWOOEuPU38=
github.com/paul-mannino/go-fuzzywuzzy v0.0.0-20200127021948-54652b135d0e/go.mod h1:AMWhKRluACdXhJMWJiVOuqwmZvJOcdmjgbla/9zOKzE=
golang.org/x/text v0.0.0-20170915032832-14c0d48ead0c h1:qgOY6WgZOaTkIIMiVjBQcw93ERBE4m30iBm00nkL0i8=
golang.org/x/text v0.0.0-20170915032832-14c0d48ead0c/go.mod h1:NqM8EUOU14njkJ3fqMW+pc6Ldnwhi/IjpwHt7yyuwOQ=
